
Microsoft Visual Studio Solution File, Format Version 12.00
# Visual Studio Version 16
VisualStudioVersion = 16.0.31205.134
MinimumVisualStudioVersion = 10.0.40219.1
Project("{FAE04EC0-301F-11D3-BF4B-00C04F79EFBC}") = "Aula1", "Aula1\Aula1.csproj", "{F5DF79E5-96CE-4FE1-A9D5-4D182E8E551E}"
EndProject
Global
	GlobalSection(SolutionConfigurationPlatforms) = preSolution
		Debug|Any CPU = Debug|Any CPU
		Release|Any CPU = Release|Any CPU
	EndGlobalSection
	GlobalSection(ProjectConfigurationPlatforms) = postSolution
		{F5DF79E5-96CE-4FE1-A9D5-4D182E8E551E}.Debug|Any CPU.ActiveCfg = Debug|Any CPU
		{F5DF79E5-96CE-4FE1-A9D5-4D182E8E551E}.Debug|Any CPU.Build.0 = Debug|Any CPU
		{F5DF79E5-96CE-4FE1-A9D5-4D182E8E551E}.Release|Any CPU.ActiveCfg = Release|Any CPU
		{F5DF79E5-96CE-4FE1-A9D5-4D182E8E551E}.Release|Any CPU.Build.0 = Release|Any CPU
	EndGlobalSection
	GlobalSection(SolutionProperties) = preSolution
		HideSolutionNode = FALSE
	EndGlobalSection
	GlobalSection(ExtensibilityGlobals) = postSolution
		SolutionGuid = {E625DEA9-AE51-478E-B150-F966C6DC85E2}
	EndGlobalSection
EndGlobal
